
Microsoft Visual Studio Solution File, Format Version 12.00
# Visual Studio Version 17
VisualStudioVersion = 17.10.35027.167
MinimumVisualStudioVersion = 10.0.40219.1
Project("{FAE04EC0-301F-11D3-BF4B-00C04F79EFBC}") = "GameLauncher", "GameLauncher\GameLauncher.csproj", "{F760DA54-F2C4-43B4-88D6-B23C5667A012}"
EndProject
Global
	GlobalSection(SolutionConfigurationPlatforms) = preSolution
		Debug|Any CPU = Debug|Any CPU
		Release|Any CPU = Release|Any CPU
	EndGlobalSection
	GlobalSection(ProjectConfigurationPlatforms) = postSolution
		{F760DA54-F2C4-43B4-88D6-B23C5667A012}.Debug|Any CPU.ActiveCfg = Debug|Any CPU
		{F760DA54-F2C4-43B4-88D6-B23C5667A012}.Debug|Any CPU.Build.0 = Debug|Any CPU
		{F760DA54-F2C4-43B4-88D6-B23C5667A012}.Release|Any CPU.ActiveCfg = Release|Any CPU
		{F760DA54-F2C4-43B4-88D6-B23C5667A012}.Release|Any CPU.Build.0 = Release|Any CPU
	EndGlobalSection
	GlobalSection(SolutionProperties) = preSolution
		HideSolutionNode = FALSE
	EndGlobalSection
	GlobalSection(ExtensibilityGlobals) = postSolution
		SolutionGuid = {6199D4A6-3932-4217-A93A-F8D618D5D174}
	EndGlobalSection
EndGlobal
